
Microsoft Visual Studio Solution File, Format Version 12.00
Project("{FAE04EC0-301F-11D3-BF4B-00C04F79EFBC}") = "AndelaEventTest2", "AndelaEventTest2\AndelaEventTest2.csproj", "{120EEE52-01A8-47C0-9EE3-6E12EFDB23D5}"
EndProject
Global
	GlobalSection(SolutionConfigurationPlatforms) = preSolution
		Debug|Any CPU = Debug|Any CPU
		Release|Any CPU = Release|Any CPU
	EndGlobalSection
	GlobalSection(ProjectConfigurationPlatforms) = postSolution
		{120EEE52-01A8-47C0-9EE3-6E12EFDB23D5}.Debug|Any CPU.ActiveCfg = Debug|Any CPU
		{120EEE52-01A8-47C0-9EE3-6E12EFDB23D5}.Debug|Any CPU.Build.0 = Debug|Any CPU
		{120EEE52-01A8-47C0-9EE3-6E12EFDB23D5}.Release|Any CPU.ActiveCfg = Release|Any CPU
		{120EEE52-01A8-47C0-9EE3-6E12EFDB23D5}.Release|Any CPU.Build.0 = Release|Any CPU
	EndGlobalSection
EndGlobal
